
Microsoft Visual Studio Solution File, Format Version 12.00
# Visual Studio Version 17
VisualStudioVersion = 17.2.32516.85
MinimumVisualStudioVersion = 10.0.40219.1
Project("{FAE04EC0-301F-11D3-BF4B-00C04F79EFBC}") = "App", "App\App.csproj", "{7D7F8C48-FCC1-4726-8847-096ADD704A8F}"
EndProject
Project("{FAE04EC0-301F-11D3-BF4B-00C04F79EFBC}") = "Domain", "Domain\Domain.csproj", "{013B7DD6-14B0-473A-989E-A0988C995D4B}"
EndProject
Project("{FAE04EC0-301F-11D3-BF4B-00C04F79EFBC}") = "Repository", "Repository\Repository.csproj", "{C365C0FA-15B5-40ED-A861-B60BE6BEC879}"
EndProject
Global
	GlobalSection(SolutionConfigurationPlatforms) = preSolution
		Debug|Any CPU = Debug|Any CPU
		Release|Any CPU = Release|Any CPU
	EndGlobalSection
	GlobalSection(ProjectConfigurationPlatforms) = postSolution
		{7D7F8C48-FCC1-4726-8847-096ADD704A8F}.Debug|Any CPU.ActiveCfg = Debug|Any CPU
		{7D7F8C48-FCC1-4726-8847-096ADD704A8F}.Debug|Any CPU.Build.0 = Debug|Any CPU
		{7D7F8C48-FCC1-4726-8847-096ADD704A8F}.Release|Any CPU.ActiveCfg = Release|Any CPU
		{7D7F8C48-FCC1-4726-8847-096ADD704A8F}.Release|Any CPU.Build.0 = Release|Any CPU
		{013B7DD6-14B0-473A-989E-A0988C995D4B}.Debug|Any CPU.ActiveCfg = Debug|Any CPU
		{013B7DD6-14B0-473A-989E-A0988C995D4B}.Debug|Any CPU.Build.0 = Debug|Any CPU
		{013B7DD6-14B0-473A-989E-A0988C995D4B}.Release|Any CPU.ActiveCfg = Release|Any CPU
		{013B7DD6-14B0-473A-989E-A0988C995D4B}.Release|Any CPU.Build.0 = Release|Any CPU
		{C365C0FA-15B5-40ED-A861-B60BE6BEC879}.Debug|Any CPU.ActiveCfg = Debug|Any CPU
		{C365C0FA-15B5-40ED-A861-B60BE6BEC879}.Debug|Any CPU.Build.0 = Debug|Any CPU
		{C365C0FA-15B5-40ED-A861-B60BE6BEC879}.Release|Any CPU.ActiveCfg = Release|Any CPU
		{C365C0FA-15B5-40ED-A861-B60BE6BEC879}.Release|Any CPU.Build.0 = Release|Any CPU
	EndGlobalSection
	GlobalSection(SolutionProperties) = preSolution
		HideSolutionNode = FALSE
	EndGlobalSection
	GlobalSection(ExtensibilityGlobals) = postSolution
		SolutionGuid = {79CE6BEE-6000-4F03-8A13-B31CBF4C07CF}
	EndGlobalSection
EndGlobal
